
Microsoft Visual Studio Solution File, Format Version 12.00
# Visual Studio Version 16
VisualStudioVersion = 16.0.29215.179
MinimumVisualStudioVersion = 10.0.40219.1
Project("{FAE04EC0-301F-11D3-BF4B-00C04F79EFBC}") = "SiReCRUD", "SiReCRUD\SiReCRUD.csproj", "{D1D1EC84-5A6F-432B-A6D7-EC83CF8621F4}"
EndProject
Project("{9A19103F-16F7-4668-BE54-9A1E7A4F7556}") = "Model", "..\..\BogLib\Bog\Model.csproj", "{86A231F5-78D7-462F-9B41-03DBE130CCCC}"
EndProject
Global
	GlobalSection(SolutionConfigurationPlatforms) = preSolution
		Debug|Any CPU = Debug|Any CPU
		Release|Any CPU = Release|Any CPU
	EndGlobalSection
	GlobalSection(ProjectConfigurationPlatforms) = postSolution
		{D1D1EC84-5A6F-432B-A6D7-EC83CF8621F4}.Debug|Any CPU.ActiveCfg = Debug|Any CPU
		{D1D1EC84-5A6F-432B-A6D7-EC83CF8621F4}.Debug|Any CPU.Build.0 = Debug|Any CPU
		{D1D1EC84-5A6F-432B-A6D7-EC83CF8621F4}.Release|Any CPU.ActiveCfg = Release|Any CPU
		{D1D1EC84-5A6F-432B-A6D7-EC83CF8621F4}.Release|Any CPU.Build.0 = Release|Any CPU
		{86A231F5-78D7-462F-9B41-03DBE130CCCC}.Debug|Any CPU.ActiveCfg = Debug|Any CPU
		{86A231F5-78D7-462F-9B41-03DBE130CCCC}.Debug|Any CPU.Build.0 = Debug|Any CPU
		{86A231F5-78D7-462F-9B41-03DBE130CCCC}.Release|Any CPU.ActiveCfg = Release|Any CPU
		{86A231F5-78D7-462F-9B41-03DBE130CCCC}.Release|Any CPU.Build.0 = Release|Any CPU
	EndGlobalSection
	GlobalSection(SolutionProperties) = preSolution
		HideSolutionNode = FALSE
	EndGlobalSection
	GlobalSection(ExtensibilityGlobals) = postSolution
		SolutionGuid = {7095B934-1A25-4491-9B17-DC1DCB8562F0}
	EndGlobalSection
EndGlobal
